// !$*UTF8*$!
{
	archiveVersion = 1;
	classes = {
	};
	objectVersion = 56;
	objects = {

/* Begin PBXBuildFile section */
		8D4137052AFE9A290082BC80 /* Locale+Extensions.swift in Sources */ = {isa = PBXBuildFile; fileRef = 8D4137042AFE9A290082BC80 /* Locale+Extensions.swift */; };
		8D4146272B0278CD00C99352 /* ExpenseCellView.swift in Sources */ = {isa = PBXBuildFile; fileRef = 8D4146262B0278CD00C99352 /* ExpenseCellView.swift */; };
		8D41462A2B02892000C99352 /* TagsSeeder.swift in Sources */ = {isa = PBXBuildFile; fileRef = 8D4146292B02892000C99352 /* TagsSeeder.swift */; };
		8D41462C2B028DFE00C99352 /* TagsView.swift in Sources */ = {isa = PBXBuildFile; fileRef = 8D41462B2B028DFE00C99352 /* TagsView.swift */; };
		8D606F8C2AFD2D4A00BB2235 /* BudgetDetailScreen.swift in Sources */ = {isa = PBXBuildFile; fileRef = 8D606F8B2AFD2D4A00BB2235 /* BudgetDetailScreen.swift */; };
		8D9623582B02CBAD00708ED6 /* FilterScreen.swift in Sources */ = {isa = PBXBuildFile; fileRef = 8D9623572B02CBAD00708ED6 /* FilterScreen.swift */; };
		8D9D1FEC2B7429620077BA1D /* EditExpenseScreen.swift in Sources */ = {isa = PBXBuildFile; fileRef = 8D9D1FEB2B7429620077BA1D /* EditExpenseScreen.swift */; };
		8DA3F30E2B1632A5008CB8C8 /* Expense+Extensions.swift in Sources */ = {isa = PBXBuildFile; fileRef = 8DA3F30D2B1632A5008CB8C8 /* Expense+Extensions.swift */; };
		8DA3F3112B164295008CB8C8 /* MappingModel-V1-to-V2.xcmappingmodel in Sources */ = {isa = PBXBuildFile; fileRef = 8DA3F3102B164295008CB8C8 /* MappingModel-V1-to-V2.xcmappingmodel */; };
		8DA3F3142B164317008CB8C8 /* MigrationPolicy_V1_to_V2.swift in Sources */ = {isa = PBXBuildFile; fileRef = 8DA3F3132B164317008CB8C8 /* MigrationPolicy_V1_to_V2.swift */; };
		8DEA1BB32AFC149600EEA305 /* BudgetAppApp.swift in Sources */ = {isa = PBXBuildFile; fileRef = 8DEA1BB22AFC149600EEA305 /* BudgetAppApp.swift */; };
		8DEA1BB72AFC149700EEA305 /* Assets.xcassets in Resources */ = {isa = PBXBuildFile; fileRef = 8DEA1BB62AFC149700EEA305 /* Assets.xcassets */; };
		8DEA1BBA2AFC149700EEA305 /* Preview Assets.xcassets in Resources */ = {isa = PBXBuildFile; fileRef = 8DEA1BB92AFC149700EEA305 /* Preview Assets.xcassets */; };
		8DEA1BC22AFC15CC00EEA305 /* CoreDataProvider.swift in Sources */ = {isa = PBXBuildFile; fileRef = 8DEA1BC12AFC15CC00EEA305 /* CoreDataProvider.swift */; };
		8DEA1BC52AFC240E00EEA305 /* BudgetAppModel.xcdatamodeld in Sources */ = {isa = PBXBuildFile; fileRef = 8DEA1BC32AFC240E00EEA305 /* BudgetAppModel.xcdatamodeld */; };
		8DEA1BC82AFC257F00EEA305 /* BudgetListScreen.swift in Sources */ = {isa = PBXBuildFile; fileRef = 8DEA1BC72AFC257F00EEA305 /* BudgetListScreen.swift */; };
		8DEA1BCA2AFC261700EEA305 /* AddBudgetScreen.swift in Sources */ = {isa = PBXBuildFile; fileRef = 8DEA1BC92AFC261700EEA305 /* AddBudgetScreen.swift */; };
		8DEA1BCD2AFC26A700EEA305 /* String+Extensions.swift in Sources */ = {isa = PBXBuildFile; fileRef = 8DEA1BCC2AFC26A700EEA305 /* String+Extensions.swift */; };
		8DEA1BCF2AFC2F6D00EEA305 /* Budget+Extensions.swift in Sources */ = {isa = PBXBuildFile; fileRef = 8DEA1BCE2AFC2F6D00EEA305 /* Budget+Extensions.swift */; };
		8DEA1BD22AFC3A0D00EEA305 /* BudgetCellView.swift in Sources */ = {isa = PBXBuildFile; fileRef = 8DEA1BD12AFC3A0D00EEA305 /* BudgetCellView.swift */; };
/* End PBXBuildFile section */

/* Begin PBXFileReference section */
		8D4137042AFE9A290082BC80 /* Locale+Extensions.swift */ = {isa = PBXFileReference; lastKnownFileType = sourcecode.swift; path = "Locale+Extensions.swift"; sourceTree = "<group>"; };
		8D4146262B0278CD00C99352 /* ExpenseCellView.swift */ = {isa = PBXFileReference; lastKnownFileType = sourcecode.swift; path = ExpenseCellView.swift; sourceTree = "<group>"; };
		8D4146292B02892000C99352 /* TagsSeeder.swift */ = {isa = PBXFileReference; lastKnownFileType = sourcecode.swift; path = TagsSeeder.swift; sourceTree = "<group>"; };
		8D41462B2B028DFE00C99352 /* TagsView.swift */ = {isa = PBXFileReference; lastKnownFileType = sourcecode.swift; path = TagsView.swift; sourceTree = "<group>"; };
		8D606F8B2AFD2D4A00BB2235 /* BudgetDetailScreen.swift */ = {isa = PBXFileReference; lastKnownFileType = sourcecode.swift; path = BudgetDetailScreen.swift; sourceTree = "<group>"; };
		8D9623572B02CBAD00708ED6 /* FilterScreen.swift */ = {isa = PBXFileReference; lastKnownFileType = sourcecode.swift; path = FilterScreen.swift; sourceTree = "<group>"; };
		8D9D1FEB2B7429620077BA1D /* EditExpenseScreen.swift */ = {isa = PBXFileReference; lastKnownFileType = sourcecode.swift; path = EditExpenseScreen.swift; sourceTree = "<group>"; };
		8DA3F30D2B1632A5008CB8C8 /* Expense+Extensions.swift */ = {isa = PBXFileReference; lastKnownFileType = sourcecode.swift; path = "Expense+Extensions.swift"; sourceTree = "<group>"; };
		8DA3F30F2B1641A5008CB8C8 /* BudgetAppModel V2.xcdatamodel */ = {isa = PBXFileReference; lastKnownFileType = wrapper.xcdatamodel; path = "BudgetAppModel V2.xcdatamodel"; sourceTree = "<group>"; };
		8DA3F3102B164295008CB8C8 /* MappingModel-V1-to-V2.xcmappingmodel */ = {isa = PBXFileReference; lastKnownFileType = wrapper.xcmappingmodel; path = "MappingModel-V1-to-V2.xcmappingmodel"; sourceTree = "<group>"; };
		8DA3F3132B164317008CB8C8 /* MigrationPolicy_V1_to_V2.swift */ = {isa = PBXFileReference; lastKnownFileType = sourcecode.swift; path = MigrationPolicy_V1_to_V2.swift; sourceTree = "<group>"; };
		8DCAE96B2B7AABEE00AE233B /* BudgetApp.entitlements */ = {isa = PBXFileReference; lastKnownFileType = text.plist.entitlements; path = BudgetApp.entitlements; sourceTree = "<group>"; };
		8DCAE96C2B7AAFAA00AE233B /* Info.plist */ = {isa = PBXFileReference; lastKnownFileType = text.plist; path = Info.plist; sourceTree = "<group>"; };
		8DEA1BAF2AFC149600EEA305 /* BudgetApp.app */ = {isa = PBXFileReference; explicitFileType = wrapper.application; includeInIndex = 0; path = BudgetApp.app; sourceTree = BUILT_PRODUCTS_DIR; };
		8DEA1BB22AFC149600EEA305 /* BudgetAppApp.swift */ = {isa = PBXFileReference; lastKnownFileType = sourcecode.swift; path = BudgetAppApp.swift; sourceTree = "<group>"; };
		8DEA1BB62AFC149700EEA305 /* Assets.xcassets */ = {isa = PBXFileReference; lastKnownFileType = folder.assetcatalog; path = Assets.xcassets; sourceTree = "<group>"; };
		8DEA1BB92AFC149700EEA305 /* Preview Assets.xcassets */ = {isa = PBXFileReference; lastKnownFileType = folder.assetcatalog; path = "Preview Assets.xcassets"; sourceTree = "<group>"; };
		8DEA1BC12AFC15CC00EEA305 /* CoreDataProvider.swift */ = {isa = PBXFileReference; lastKnownFileType = sourcecode.swift; path = CoreDataProvider.swift; sourceTree = "<group>"; };
		8DEA1BC42AFC240E00EEA305 /* BudgetAppModel.xcdatamodel */ = {isa = PBXFileReference; lastKnownFileType = wrapper.xcdatamodel; path = BudgetAppModel.xcdatamodel; sourceTree = "<group>"; };
		8DEA1BC72AFC257F00EEA305 /* BudgetListScreen.swift */ = {isa = PBXFileReference; lastKnownFileType = sourcecode.swift; path = BudgetListScreen.swift; sourceTree = "<group>"; };
		8DEA1BC92AFC261700EEA305 /* AddBudgetScreen.swift */ = {isa = PBXFileReference; lastKnownFileType = sourcecode.swift; path = AddBudgetScreen.swift; sourceTree = "<group>"; };
		8DEA1BCC2AFC26A700EEA305 /* String+Extensions.swift */ = {isa = PBXFileReference; lastKnownFileType = sourcecode.swift; path = "String+Extensions.swift"; sourceTree = "<group>"; };
		8DEA1BCE2AFC2F6D00EEA305 /* Budget+Extensions.swift */ = {isa = PBXFileReference; lastKnownFileType = sourcecode.swift; path = "Budget+Extensions.swift"; sourceTree = "<group>"; };
		8DEA1BD12AFC3A0D00EEA305 /* BudgetCellView.swift */ = {isa = PBXFileReference; lastKnownFileType = sourcecode.swift; path = BudgetCellView.swift; sourceTree = "<group>"; };
/* End PBXFileReference section */

/* Begin PBXFrameworksBuildPhase section */
		8DEA1BAC2AFC149600EEA305 /* Frameworks */ = {
			isa = PBXFrameworksBuildPhase;
			buildActionMask = 2147483647;
			files = (
			);
			runOnlyForDeploymentPostprocessing = 0;
		};
/* End PBXFrameworksBuildPhase section */

/* Begin PBXGroup section */
		8D4146282B02890400C99352 /* Seeders */ = {
			isa = PBXGroup;
			children = (
				8D4146292B02892000C99352 /* TagsSeeder.swift */,
			);
			path = Seeders;
			sourceTree = "<group>";
		};
		8DA3F3122B1642EC008CB8C8 /* Migration Policies */ = {
			isa = PBXGroup;
			children = (
				8DA3F3132B164317008CB8C8 /* MigrationPolicy_V1_to_V2.swift */,
			);
			path = "Migration Policies";
			sourceTree = "<group>";
		};
		8DEA1BA62AFC149600EEA305 = {
			isa = PBXGroup;
			children = (
				8DEA1BB12AFC149600EEA305 /* BudgetApp */,
				8DEA1BB02AFC149600EEA305 /* Products */,
			);
			sourceTree = "<group>";
		};
		8DEA1BB02AFC149600EEA305 /* Products */ = {
			isa = PBXGroup;
			children = (
				8DEA1BAF2AFC149600EEA305 /* BudgetApp.app */,
			);
			name = Products;
			sourceTree = "<group>";
		};
		8DEA1BB12AFC149600EEA305 /* BudgetApp */ = {
			isa = PBXGroup;
			children = (
				8DCAE96C2B7AAFAA00AE233B /* Info.plist */,
				8DCAE96B2B7AABEE00AE233B /* BudgetApp.entitlements */,
				8DA3F3122B1642EC008CB8C8 /* Migration Policies */,
				8D4146282B02890400C99352 /* Seeders */,
				8DEA1BD02AFC3A0000EEA305 /* Views */,
				8DEA1BCB2AFC269400EEA305 /* Extensions */,
				8DEA1BC62AFC255B00EEA305 /* Screens */,
				8DEA1BC02AFC15BF00EEA305 /* Providers */,
				8DEA1BB22AFC149600EEA305 /* BudgetAppApp.swift */,
				8DEA1BB62AFC149700EEA305 /* Assets.xcassets */,
				8DEA1BB82AFC149700EEA305 /* Preview Content */,
				8DEA1BC32AFC240E00EEA305 /* BudgetAppModel.xcdatamodeld */,
				8DA3F3102B164295008CB8C8 /* MappingModel-V1-to-V2.xcmappingmodel */,
			);
			path = BudgetApp;
			sourceTree = "<group>";
		};
		8DEA1BB82AFC149700EEA305 /* Preview Content */ = {
			isa = PBXGroup;
			children = (
				8DEA1BB92AFC149700EEA305 /* Preview Assets.xcassets */,
			);
			path = "Preview Content";
			sourceTree = "<group>";
		};
		8DEA1BC02AFC15BF00EEA305 /* Providers */ = {
			isa = PBXGroup;
			children = (
				8DEA1BC12AFC15CC00EEA305 /* CoreDataProvider.swift */,
			);
			path = Providers;
			sourceTree = "<group>";
		};
		8DEA1BC62AFC255B00EEA305 /* Screens */ = {
			isa = PBXGroup;
			children = (
				8DEA1BC72AFC257F00EEA305 /* BudgetListScreen.swift */,
				8DEA1BC92AFC261700EEA305 /* AddBudgetScreen.swift */,
				8D606F8B2AFD2D4A00BB2235 /* BudgetDetailScreen.swift */,
				8D9623572B02CBAD00708ED6 /* FilterScreen.swift */,
				8D9D1FEB2B7429620077BA1D /* EditExpenseScreen.swift */,
			);
			path = Screens;
			sourceTree = "<group>";
		};
		8DEA1BCB2AFC269400EEA305 /* Extensions */ = {
			isa = PBXGroup;
			children = (
				8DEA1BCC2AFC26A700EEA305 /* String+Extensions.swift */,
				8DEA1BCE2AFC2F6D00EEA305 /* Budget+Extensions.swift */,
				8D4137042AFE9A290082BC80 /* Locale+Extensions.swift */,
				8DA3F30D2B1632A5008CB8C8 /* Expense+Extensions.swift */,
			);
			path = Extensions;
			sourceTree = "<group>";
		};
		8DEA1BD02AFC3A0000EEA305 /* Views */ = {
			isa = PBXGroup;
			children = (
				8DEA1BD12AFC3A0D00EEA305 /* BudgetCellView.swift */,
				8D4146262B0278CD00C99352 /* ExpenseCellView.swift */,
				8D41462B2B028DFE00C99352 /* TagsView.swift */,
			);
			path = Views;
			sourceTree = "<group>";
		};
/* End PBXGroup section */

/* Begin PBXNativeTarget section */
		8DEA1BAE2AFC149600EEA305 /* BudgetApp */ = {
			isa = PBXNativeTarget;
			buildConfigurationList = 8DEA1BBD2AFC149700EEA305 /* Build configuration list for PBXNativeTarget "BudgetApp" */;
			buildPhases = (
				8DEA1BAB2AFC149600EEA305 /* Sources */,
				8DEA1BAC2AFC149600EEA305 /* Frameworks */,
				8DEA1BAD2AFC149600EEA305 /* Resources */,
			);
			buildRules = (
			);
			dependencies = (
			);
			name = BudgetApp;
			productName = BudgetApp;
			productReference = 8DEA1BAF2AFC149600EEA305 /* BudgetApp.app */;
			productType = "com.apple.product-type.application";
		};
/* End PBXNativeTarget section */

/* Begin PBXProject section */
		8DEA1BA72AFC149600EEA305 /* Project object */ = {
			isa = PBXProject;
			attributes = {
				BuildIndependentTargetsInParallel = 1;
				LastSwiftUpdateCheck = 1500;
				LastUpgradeCheck = 1500;
				TargetAttributes = {
					8DEA1BAE2AFC149600EEA305 = {
						CreatedOnToolsVersion = 15.0;
					};
				};
			};
			buildConfigurationList = 8DEA1BAA2AFC149600EEA305 /* Build configuration list for PBXProject "BudgetApp" */;
			compatibilityVersion = "Xcode 14.0";
			developmentRegion = en;
			hasScannedForEncodings = 0;
			knownRegions = (
				en,
				Base,
			);
			mainGroup = 8DEA1BA62AFC149600EEA305;
			productRefGroup = 8DEA1BB02AFC149600EEA305 /* Products */;
			projectDirPath = "";
			projectRoot = "";
			targets = (
				8DEA1BAE2AFC149600EEA305 /* BudgetApp */,
			);
		};
/* End PBXProject section */

/* Begin PBXResourcesBuildPhase section */
		8DEA1BAD2AFC149600EEA305 /* Resources */ = {
			isa = PBXResourcesBuildPhase;
			buildActionMask = 2147483647;
			files = (
				8DEA1BBA2AFC149700EEA305 /* Preview Assets.xcassets in Resources */,
				8DEA1BB72AFC149700EEA305 /* Assets.xcassets in Resources */,
			);
			runOnlyForDeploymentPostprocessing = 0;
		};
/* End PBXResourcesBuildPhase section */

/* Begin PBXSourcesBuildPhase section */
		8DEA1BAB2AFC149600EEA305 /* Sources */ = {
			isa = PBXSourcesBuildPhase;
			buildActionMask = 2147483647;
			files = (
				8D9D1FEC2B7429620077BA1D /* EditExpenseScreen.swift in Sources */,
				8DA3F3112B164295008CB8C8 /* MappingModel-V1-to-V2.xcmappingmodel in Sources */,
				8DEA1BCA2AFC261700EEA305 /* AddBudgetScreen.swift in Sources */,
				8D4146272B0278CD00C99352 /* ExpenseCellView.swift in Sources */,
				8DEA1BCD2AFC26A700EEA305 /* String+Extensions.swift in Sources */,
				8DEA1BCF2AFC2F6D00EEA305 /* Budget+Extensions.swift in Sources */,
				8DEA1BC82AFC257F00EEA305 /* BudgetListScreen.swift in Sources */,
				8D41462C2B028DFE00C99352 /* TagsView.swift in Sources */,
				8DEA1BC52AFC240E00EEA305 /* BudgetAppModel.xcdatamodeld in Sources */,
				8D41462A2B02892000C99352 /* TagsSeeder.swift in Sources */,
				8DA3F3142B164317008CB8C8 /* MigrationPolicy_V1_to_V2.swift in Sources */,
				8D606F8C2AFD2D4A00BB2235 /* BudgetDetailScreen.swift in Sources */,
				8D9623582B02CBAD00708ED6 /* FilterScreen.swift in Sources */,
				8DA3F30E2B1632A5008CB8C8 /* Expense+Extensions.swift in Sources */,
				8DEA1BD22AFC3A0D00EEA305 /* BudgetCellView.swift in Sources */,
				8DEA1BB32AFC149600EEA305 /* BudgetAppApp.swift in Sources */,
				8DEA1BC22AFC15CC00EEA305 /* CoreDataProvider.swift in Sources */,
				8D4137052AFE9A290082BC80 /* Locale+Extensions.swift in Sources */,
			);
			runOnlyForDeploymentPostprocessing = 0;
		};
/* End PBXSourcesBuildPhase section */

/* Begin XCBuildConfiguration section */
		8DEA1BBB2AFC149700EEA305 /* Debug */ = {
			isa = XCBuildConfiguration;
			buildSettings = {
				ALWAYS_SEARCH_USER_PATHS = NO;
				ASSETCATALOG_COMPILER_GENERATE_SWIFT_ASSET_SYMBOL_EXTENSIONS = YES;
				CLANG_ANALYZER_NONNULL = YES;
				CLANG_ANALYZER_NUMBER_OBJECT_CONVERSION = YES_AGGRESSIVE;
				CLANG_CXX_LANGUAGE_STANDARD = "gnu++20";
				CLANG_ENABLE_MODULES = YES;
				CLANG_ENABLE_OBJC_ARC = YES;
				CLANG_ENABLE_OBJC_WEAK = YES;
				CLANG_WARN_BLOCK_CAPTURE_AUTORELEASING = YES;
				CLANG_WARN_BOOL_CONVERSION = YES;
				CLANG_WARN_COMMA = YES;
				CLANG_WARN_CONSTANT_CONVERSION = YES;
				CLANG_WARN_DEPRECATED_OBJC_IMPLEMENTATIONS = YES;
				CLANG_WARN_DIRECT_OBJC_ISA_USAGE = YES_ERROR;
				CLANG_WARN_DOCUMENTATION_COMMENTS = YES;
				CLANG_WARN_EMPTY_BODY = YES;
				CLANG_WARN_ENUM_CONVERSION = YES;
				CLANG_WARN_INFINITE_RECURSION = YES;
				CLANG_WARN_INT_CONVERSION = YES;
				CLANG_WARN_NON_LITERAL_NULL_CONVERSION = YES;
				CLANG_WARN_OBJC_IMPLICIT_RETAIN_SELF = YES;
				CLANG_WARN_OBJC_LITERAL_CONVERSION = YES;
				CLANG_WARN_OBJC_ROOT_CLASS = YES_ERROR;
				CLANG_WARN_QUOTED_INCLUDE_IN_FRAMEWORK_HEADER = YES;
				CLANG_WARN_RANGE_LOOP_ANALYSIS = YES;
				CLANG_WARN_STRICT_PROTOTYPES = YES;
				CLANG_WARN_SUSPICIOUS_MOVE = YES;
				CLANG_WARN_UNGUARDED_AVAILABILITY = YES_AGGRESSIVE;
				CLANG_WARN_UNREACHABLE_CODE = YES;
				CLANG_WARN__DUPLICATE_METHOD_MATCH = YES;
				COPY_PHASE_STRIP = NO;
				DEBUG_INFORMATION_FORMAT = dwarf;
				ENABLE_STRICT_OBJC_MSGSEND = YES;
				ENABLE_TESTABILITY = YES;
				ENABLE_USER_SCRIPT_SANDBOXING = YES;
				GCC_C_LANGUAGE_STANDARD = gnu17;
				GCC_DYNAMIC_NO_PIC = NO;
				GCC_NO_COMMON_BLOCKS = YES;
				GCC_OPTIMIZATION_LEVEL = 0;
				GCC_PREPROCESSOR_DEFINITIONS = (
					"DEBUG=1",
					"$(inherited)",
				);
				GCC_WARN_64_TO_32_BIT_CONVERSION = YES;
				GCC_WARN_ABOUT_RETURN_TYPE = YES_ERROR;
				GCC_WARN_UNDECLARED_SELECTOR = YES;
				GCC_WARN_UNINITIALIZED_AUTOS = YES_AGGRESSIVE;
				GCC_WARN_UNUSED_FUNCTION = YES;
				GCC_WARN_UNUSED_VARIABLE = YES;
				IPHONEOS_DEPLOYMENT_TARGET = 17.0;
				LOCALIZATION_PREFERS_STRING_CATALOGS = YES;
				MTL_ENABLE_DEBUG_INFO = INCLUDE_SOURCE;
				MTL_FAST_MATH = YES;
				ONLY_ACTIVE_ARCH = YES;
				SDKROOT = iphoneos;
				SWIFT_ACTIVE_COMPILATION_CONDITIONS = "DEBUG $(inherited)";
				SWIFT_OPTIMIZATION_LEVEL = "-Onone";
			};
			name = Debug;
		};
		8DEA1BBC2AFC149700EEA305 /* Release */ = {
			isa = XCBuildConfiguration;
			buildSettings = {
				ALWAYS_SEARCH_USER_PATHS = NO;
				ASSETCATALOG_COMPILER_GENERATE_SWIFT_ASSET_SYMBOL_EXTENSIONS = YES;
				CLANG_ANALYZER_NONNULL = YES;
				CLANG_ANALYZER_NUMBER_OBJECT_CONVERSION = YES_AGGRESSIVE;
				CLANG_CXX_LANGUAGE_STANDARD = "gnu++20";
				CLANG_ENABLE_MODULES = YES;
				CLANG_ENABLE_OBJC_ARC = YES;
				CLANG_ENABLE_OBJC_WEAK = YES;
				CLANG_WARN_BLOCK_CAPTURE_AUTORELEASING = YES;
				CLANG_WARN_BOOL_CONVERSION = YES;
				CLANG_WARN_COMMA = YES;
				CLANG_WARN_CONSTANT_CONVERSION = YES;
				CLANG_WARN_DEPRECATED_OBJC_IMPLEMENTATIONS = YES;
				CLANG_WARN_DIRECT_OBJC_ISA_USAGE = YES_ERROR;
				CLANG_WARN_DOCUMENTATION_COMMENTS = YES;
				CLANG_WARN_EMPTY_BODY = YES;
				CLANG_WARN_ENUM_CONVERSION = YES;
				CLANG_WARN_INFINITE_RECURSION = YES;
				CLANG_WARN_INT_CONVERSION = YES;
				CLANG_WARN_NON_LITERAL_NULL_CONVERSION = YES;
				CLANG_WARN_OBJC_IMPLICIT_RETAIN_SELF = YES;
				CLANG_WARN_OBJC_LITERAL_CONVERSION = YES;
				CLANG_WARN_OBJC_ROOT_CLASS = YES_ERROR;
				CLANG_WARN_QUOTED_INCLUDE_IN_FRAMEWORK_HEADER = YES;
				CLANG_WARN_RANGE_LOOP_ANALYSIS = YES;
				CLANG_WARN_STRICT_PROTOTYPES = YES;
				CLANG_WARN_SUSPICIOUS_MOVE = YES;
				CLANG_WARN_UNGUARDED_AVAILABILITY = YES_AGGRESSIVE;
				CLANG_WARN_UNREACHABLE_CODE = YES;
				CLANG_WARN__DUPLICATE_METHOD_MATCH = YES;
				COPY_PHASE_STRIP = NO;
				DEBUG_INFORMATION_FORMAT = "dwarf-with-dsym";
				ENABLE_NS_ASSERTIONS = NO;
				ENABLE_STRICT_OBJC_MSGSEND = YES;
				ENABLE_USER_SCRIPT_SANDBOXING = YES;
				GCC_C_LANGUAGE_STANDARD = gnu17;
				GCC_NO_COMMON_BLOCKS = YES;
				GCC_WARN_64_TO_32_BIT_CONVERSION = YES;
				GCC_WARN_ABOUT_RETURN_TYPE = YES_ERROR;
				GCC_WARN_UNDECLARED_SELECTOR = YES;
				GCC_WARN_UNINITIALIZED_AUTOS = YES_AGGRESSIVE;
				GCC_WARN_UNUSED_FUNCTION = YES;
				GCC_WARN_UNUSED_VARIABLE = YES;
				IPHONEOS_DEPLOYMENT_TARGET = 17.0;
				LOCALIZATION_PREFERS_STRING_CATALOGS = YES;
				MTL_ENABLE_DEBUG_INFO = NO;
				MTL_FAST_MATH = YES;
				SDKROOT = iphoneos;
				SWIFT_COMPILATION_MODE = wholemodule;
				VALIDATE_PRODUCT = YES;
			};
			name = Release;
		};
		8DEA1BBE2AFC149700EEA305 /* Debug */ = {
			isa = XCBuildConfiguration;
			buildSettings = {
				ASSETCATALOG_COMPILER_APPICON_NAME = AppIcon;
				ASSETCATALOG_COMPILER_GLOBAL_ACCENT_COLOR_NAME = AccentColor;
				CODE_SIGN_ENTITLEMENTS = BudgetApp/BudgetApp.entitlements;
				CODE_SIGN_STYLE = Automatic;
				CURRENT_PROJECT_VERSION = 1;
				DEVELOPMENT_ASSET_PATHS = "\"BudgetApp/Preview Content\"";
				DEVELOPMENT_TEAM = B2Q8EGNCQA;
				ENABLE_PREVIEWS = YES;
				GENERATE_INFOPLIST_FILE = YES;
				INFOPLIST_FILE = BudgetApp/Info.plist;
				INFOPLIST_KEY_UIApplicationSceneManifest_Generation = YES;
				INFOPLIST_KEY_UIApplicationSupportsIndirectInputEvents = YES;
				INFOPLIST_KEY_UILaunchScreen_Generation = YES;
				INFOPLIST_KEY_UISupportedInterfaceOrientations_iPad = "UIInterfaceOrientationPortrait UIInterfaceOrientationPortraitUpsideDown UIInterfaceOrientationLandscapeLeft UIInterfaceOrientationLandscapeRight";
				INFOPLIST_KEY_UISupportedInterfaceOrientations_iPhone = "UIInterfaceOrientationPortrait UIInterfaceOrientationLandscapeLeft UIInterfaceOrientationLandscapeRight";
				LD_RUNPATH_SEARCH_PATHS = (
					"$(inherited)",
					"@executable_path/Frameworks",
				);
				MARKETING_VERSION = 1.0;
				PRODUCT_BUNDLE_IDENTIFIER = com.azamsharp.BudgetApp2345;
				PRODUCT_NAME = "$(TARGET_NAME)";
				SWIFT_EMIT_LOC_STRINGS = YES;
				SWIFT_VERSION = 5.0;
				TARGETED_DEVICE_FAMILY = "1,2";
			};
			name = Debug;
		};
		8DEA1BBF2AFC149700EEA305 /* Release */ = {
			isa = XCBuildConfiguration;
			buildSettings = {
				ASSETCATALOG_COMPILER_APPICON_NAME = AppIcon;
				ASSETCATALOG_COMPILER_GLOBAL_ACCENT_COLOR_NAME = AccentColor;
				CODE_SIGN_ENTITLEMENTS = BudgetApp/BudgetApp.entitlements;
				CODE_SIGN_STYLE = Automatic;
				CURRENT_PROJECT_VERSION = 1;
				DEVELOPMENT_ASSET_PATHS = "\"BudgetApp/Preview Content\"";
				DEVELOPMENT_TEAM = B2Q8EGNCQA;
				ENABLE_PREVIEWS = YES;
				GENERATE_INFOPLIST_FILE = YES;
				INFOPLIST_FILE = BudgetApp/Info.plist;
				INFOPLIST_KEY_UIApplicationSceneManifest_Generation = YES;
				INFOPLIST_KEY_UIApplicationSupportsIndirectInputEvents = YES;
				INFOPLIST_KEY_UILaunchScreen_Generation = YES;
				INFOPLIST_KEY_UISupportedInterfaceOrientations_iPad = "UIInterfaceOrientationPortrait UIInterfaceOrientationPortraitUpsideDown UIInterfaceOrientationLandscapeLeft UIInterfaceOrientationLandscapeRight";
				INFOPLIST_KEY_UISupportedInterfaceOrientations_iPhone = "UIInterfaceOrientationPortrait UIInterfaceOrientationLandscapeLeft UIInterfaceOrientationLandscapeRight";
				LD_RUNPATH_SEARCH_PATHS = (
					"$(inherited)",
					"@executable_path/Frameworks",
				);
				MARKETING_VERSION = 1.0;
				PRODUCT_BUNDLE_IDENTIFIER = com.azamsharp.BudgetApp2345;
				PRODUCT_NAME = "$(TARGET_NAME)";
				SWIFT_EMIT_LOC_STRINGS = YES;
				SWIFT_VERSION = 5.0;
				TARGETED_DEVICE_FAMILY = "1,2";
			};
			name = Release;
		};
/* End XCBuildConfiguration section */

/* Begin XCConfigurationList section */
		8DEA1BAA2AFC149600EEA305 /* Build configuration list for PBXProject "BudgetApp" */ = {
			isa = XCConfigurationList;
			buildConfigurations = (
				8DEA1BBB2AFC149700EEA305 /* Debug */,
				8DEA1BBC2AFC149700EEA305 /* Release */,
			);
			defaultConfigurationIsVisible = 0;
			defaultConfigurationName = Release;
		};
		8DEA1BBD2AFC149700EEA305 /* Build configuration list for PBXNativeTarget "BudgetApp" */ = {
			isa = XCConfigurationList;
			buildConfigurations = (
				8DEA1BBE2AFC149700EEA305 /* Debug */,
				8DEA1BBF2AFC149700EEA305 /* Release */,
			);
			defaultConfigurationIsVisible = 0;
			defaultConfigurationName = Release;
		};
/* End XCConfigurationList section */

/* Begin XCVersionGroup section */
		8DEA1BC32AFC240E00EEA305 /* BudgetAppModel.xcdatamodeld */ = {
			isa = XCVersionGroup;
			children = (
				8DA3F30F2B1641A5008CB8C8 /* BudgetAppModel V2.xcdatamodel */,
				8DEA1BC42AFC240E00EEA305 /* BudgetAppModel.xcdatamodel */,
			);
			currentVersion = 8DA3F30F2B1641A5008CB8C8 /* BudgetAppModel V2.xcdatamodel */;
			path = BudgetAppModel.xcdatamodeld;
			sourceTree = "<group>";
			versionGroupType = wrapper.xcdatamodel;
		};
/* End XCVersionGroup section */
	};
	rootObject = 8DEA1BA72AFC149600EEA305 /* Project object */;
}
